PODS:
  - facebook_auth_desktop (0.0.3):
    - FlutterMacOS
  - flutter_secure_storage_macos (6.1.1):
    - FlutterMacOS
  - FlutterMacOS (1.0.0)
  - path_provider_macos (0.0.1):
    - FlutterMacOS
  - shared_preferences_foundation (0.0.1):
    - Flutter
    - FlutterMacOS

DEPENDENCIES:
  - facebook_auth_desktop (from `Flutter/ephemeral/.symlinks/plugins/facebook_auth_desktop/macos`)
  - flutter_secure_storage_macos (from `Flutter/ephemeral/.symlinks/plugins/flutter_secure_storage_macos/macos`)
  - FlutterMacOS (from `Flutter/ephemeral`)
  - path_provider_macos (from `Flutter/ephemeral/.symlinks/plugins/path_provider_macos/macos`)
  - shared_preferences_foundation (from `Flutter/ephemeral/.symlinks/plugins/shared_preferences_foundation/macos`)

EXTERNAL SOURCES:
  facebook_auth_desktop:
    :path: Flutter/ephemeral/.symlinks/plugins/facebook_auth_desktop/macos
  flutter_secure_storage_macos:
    :path: Flutter/ephemeral/.symlinks/plugins/flutter_secure_storage_macos/macos
  FlutterMacOS:
    :path: Flutter/ephemeral
  path_provider_macos:
    :path: Flutter/ephemeral/.symlinks/plugins/path_provider_macos/macos
  shared_preferences_foundation:
    :path: Flutter/ephemeral/.symlinks/plugins/shared_preferences_foundation/macos

SPEC CHECKSUMS:
  facebook_auth_desktop: 0ec755e3b01669ec14776af18b6945671a788916
  flutter_secure_storage_macos: 75c8cadfdba05ca007c0fa4ea0c16e5cf85e521b
  FlutterMacOS: ae6af50a8ea7d6103d888583d46bd8328a7e9811
  path_provider_macos: 05fb0ef0cedf3e5bd179b9e41a638682b37133ea
  shared_preferences_foundation: 297b3ebca31b34ec92be11acd7fb0ba932c822ca

PODFILE CHECKSUM: a884f6dd3f7494f3892ee6c81feea3a3abbf9153

COCOAPODS: 1.11.3
